
Microsoft Visual Studio Solution File, Format Version 12.00
# Visual Studio Version 16
VisualStudioVersion = 16.0.34114.132
MinimumVisualStudioVersion = 10.0.40219.1
Project("{FAE04EC0-301F-11D3-BF4B-00C04F79EFBC}") = "WindowsFormsApp5", "WindowsFormsApp5.csproj", "{FFC974AE-BF05-4954-81F5-4438F0ECDF90}"
EndProject
Global
	GlobalSection(SolutionConfigurationPlatforms) = preSolution
		Debug|Any CPU = Debug|Any CPU
		Release|Any CPU = Release|Any CPU
	EndGlobalSection
	GlobalSection(ProjectConfigurationPlatforms) = postSolution
		{FFC974AE-BF05-4954-81F5-4438F0ECDF90}.Debug|Any CPU.ActiveCfg = Debug|Any CPU
		{FFC974AE-BF05-4954-81F5-4438F0ECDF90}.Debug|Any CPU.Build.0 = Debug|Any CPU
		{FFC974AE-BF05-4954-81F5-4438F0ECDF90}.Release|Any CPU.ActiveCfg = Release|Any CPU
		{FFC974AE-BF05-4954-81F5-4438F0ECDF90}.Release|Any CPU.Build.0 = Release|Any CPU
	EndGlobalSection
	GlobalSection(SolutionProperties) = preSolution
		HideSolutionNode = FALSE
	EndGlobalSection
	GlobalSection(ExtensibilityGlobals) = postSolution
		SolutionGuid = {6408F330-40FA-4427-BACD-E724B8025CBE}
	EndGlobalSection
EndGlobal
