
Microsoft Visual Studio Solution File, Format Version 12.00
# Visual Studio Version 16
VisualStudioVersion = 16.0.34114.132
MinimumVisualStudioVersion = 10.0.40219.1
Project("{FAE04EC0-301F-11D3-BF4B-00C04F79EFBC}") = "WindowsFormsApp3", "WindowsFormsApp3.csproj", "{F1282C87-637F-4471-B668-58A8BBB9218D}"
EndProject
Global
	GlobalSection(SolutionConfigurationPlatforms) = preSolution
		Debug|Any CPU = Debug|Any CPU
		Release|Any CPU = Release|Any CPU
	EndGlobalSection
	GlobalSection(ProjectConfigurationPlatforms) = postSolution
		{F1282C87-637F-4471-B668-58A8BBB9218D}.Debug|Any CPU.ActiveCfg = Debug|Any CPU
		{F1282C87-637F-4471-B668-58A8BBB9218D}.Debug|Any CPU.Build.0 = Debug|Any CPU
		{F1282C87-637F-4471-B668-58A8BBB9218D}.Release|Any CPU.ActiveCfg = Release|Any CPU
		{F1282C87-637F-4471-B668-58A8BBB9218D}.Release|Any CPU.Build.0 = Release|Any CPU
	EndGlobalSection
	GlobalSection(SolutionProperties) = preSolution
		HideSolutionNode = FALSE
	EndGlobalSection
	GlobalSection(ExtensibilityGlobals) = postSolution
		SolutionGuid = {3471AF05-2F19-4DDA-A491-5C62CD21F689}
	EndGlobalSection
EndGlobal
