
Microsoft Visual Studio Solution File, Format Version 12.00
# Visual Studio Version 17
VisualStudioVersion = 17.9.34728.123
MinimumVisualStudioVersion = 10.0.40219.1
Project("{9A19103F-16F7-4668-BE54-9A1E7A4F7556}") = "webapi_2", "webapi_2\webapi_2.csproj", "{F7332F66-4BCB-4470-BCC6-BD64BEF81209}"
EndProject
Project("{FAE04EC0-301F-11D3-BF4B-00C04F79EFBC}") = "webapi_2mvc", "webapi_2mvc\webapi_2mvc.csproj", "{32F76833-D4E5-404E-8183-303B2343EF1E}"
EndProject
Global
	GlobalSection(SolutionConfigurationPlatforms) = preSolution
		Debug|Any CPU = Debug|Any CPU
		Release|Any CPU = Release|Any CPU
	EndGlobalSection
	GlobalSection(ProjectConfigurationPlatforms) = postSolution
		{F7332F66-4BCB-4470-BCC6-BD64BEF81209}.Debug|Any CPU.ActiveCfg = Debug|Any CPU
		{F7332F66-4BCB-4470-BCC6-BD64BEF81209}.Debug|Any CPU.Build.0 = Debug|Any CPU
		{F7332F66-4BCB-4470-BCC6-BD64BEF81209}.Release|Any CPU.ActiveCfg = Release|Any CPU
		{F7332F66-4BCB-4470-BCC6-BD64BEF81209}.Release|Any CPU.Build.0 = Release|Any CPU
		{32F76833-D4E5-404E-8183-303B2343EF1E}.Debug|Any CPU.ActiveCfg = Debug|Any CPU
		{32F76833-D4E5-404E-8183-303B2343EF1E}.Debug|Any CPU.Build.0 = Debug|Any CPU
		{32F76833-D4E5-404E-8183-303B2343EF1E}.Release|Any CPU.ActiveCfg = Release|Any CPU
		{32F76833-D4E5-404E-8183-303B2343EF1E}.Release|Any CPU.Build.0 = Release|Any CPU
	EndGlobalSection
	GlobalSection(SolutionProperties) = preSolution
		HideSolutionNode = FALSE
	EndGlobalSection
	GlobalSection(ExtensibilityGlobals) = postSolution
		SolutionGuid = {1DE1749D-4F5E-494B-BCDF-88B314EF3F9B}
	EndGlobalSection
EndGlobal
